
Microsoft Visual Studio Solution File, Format Version 12.00
# Visual Studio Version 17
VisualStudioVersion = 17.5.33414.496
MinimumVisualStudioVersion = 10.0.40219.1
Project("{FAE04EC0-301F-11D3-BF4B-00C04F79EFBC}") = "JustChat", "JustChat\JustChat.csproj", "{93256F2A-BB36-4140-8DDE-92496BE99F8F}"
EndProject
Global
	GlobalSection(SolutionConfigurationPlatforms) = preSolution
		Debug|Any CPU = Debug|Any CPU
		Release|Any CPU = Release|Any CPU
	EndGlobalSection
	GlobalSection(ProjectConfigurationPlatforms) = postSolution
		{93256F2A-BB36-4140-8DDE-92496BE99F8F}.Debug|Any CPU.ActiveCfg = Debug|Any CPU
		{93256F2A-BB36-4140-8DDE-92496BE99F8F}.Debug|Any CPU.Build.0 = Debug|Any CPU
		{93256F2A-BB36-4140-8DDE-92496BE99F8F}.Release|Any CPU.ActiveCfg = Release|Any CPU
		{93256F2A-BB36-4140-8DDE-92496BE99F8F}.Release|Any CPU.Build.0 = Release|Any CPU
	EndGlobalSection
	GlobalSection(SolutionProperties) = preSolution
		HideSolutionNode = FALSE
	EndGlobalSection
	GlobalSection(ExtensibilityGlobals) = postSolution
		SolutionGuid = {712F44A5-8851-400D-AF90-3A4E4E260B0F}
	EndGlobalSection
EndGlobal
